
Microsoft Visual Studio Solution File, Format Version 12.00
# Visual Studio Version 17
VisualStudioVersion = 17.5.002.0
MinimumVisualStudioVersion = 10.0.40219.1
Project("{9A19103F-16F7-4668-BE54-9A1E7A4F7556}") = "formulaone", "formulaone.csproj", "{8B42B22A-5CB1-45D2-AFD1-BDA6510FA9EF}"
EndProject
Global
	GlobalSection(SolutionConfigurationPlatforms) = preSolution
		Debug|Any CPU = Debug|Any CPU
		Release|Any CPU = Release|Any CPU
	EndGlobalSection
	GlobalSection(ProjectConfigurationPlatforms) = postSolution
		{8B42B22A-5CB1-45D2-AFD1-BDA6510FA9EF}.Debug|Any CPU.ActiveCfg = Debug|Any CPU
		{8B42B22A-5CB1-45D2-AFD1-BDA6510FA9EF}.Debug|Any CPU.Build.0 = Debug|Any CPU
		{8B42B22A-5CB1-45D2-AFD1-BDA6510FA9EF}.Release|Any CPU.ActiveCfg = Release|Any CPU
		{8B42B22A-5CB1-45D2-AFD1-BDA6510FA9EF}.Release|Any CPU.Build.0 = Release|Any CPU
	EndGlobalSection
	GlobalSection(SolutionProperties) = preSolution
		HideSolutionNode = FALSE
	EndGlobalSection
	GlobalSection(ExtensibilityGlobals) = postSolution
		SolutionGuid = {82775FC4-002F-48E8-8292-054D0E582024}
	EndGlobalSection
EndGlobal
